
Microsoft Visual Studio Solution File, Format Version 12.00
# Visual Studio Version 17
VisualStudioVersion = 17.14.36301.6 d17.14
MinimumVisualStudioVersion = 10.0.40219.1
Project("{FAE04EC0-301F-11D3-BF4B-00C04F79EFBC}") = "dcit318-assignment3-11227686", "dcit318-assignment3-11227686.csproj", "{08A1B252-46E7-427C-B07B-22FD24002690}"
EndProject
Global
	GlobalSection(SolutionConfigurationPlatforms) = preSolution
		Debug|Any CPU = Debug|Any CPU
		Release|Any CPU = Release|Any CPU
	EndGlobalSection
	GlobalSection(ProjectConfigurationPlatforms) = postSolution
		{08A1B252-46E7-427C-B07B-22FD24002690}.Debug|Any CPU.ActiveCfg = Debug|Any CPU
		{08A1B252-46E7-427C-B07B-22FD24002690}.Debug|Any CPU.Build.0 = Debug|Any CPU
		{08A1B252-46E7-427C-B07B-22FD24002690}.Release|Any CPU.ActiveCfg = Release|Any CPU
		{08A1B252-46E7-427C-B07B-22FD24002690}.Release|Any CPU.Build.0 = Release|Any CPU
	EndGlobalSection
	GlobalSection(SolutionProperties) = preSolution
		HideSolutionNode = FALSE
	EndGlobalSection
	GlobalSection(ExtensibilityGlobals) = postSolution
		SolutionGuid = {7245BA34-ED52-4FB1-889A-20BEA3567CF2}
	EndGlobalSection
EndGlobal
